
Microsoft Visual Studio Solution File, Format Version 12.00
# Visual Studio Version 16
VisualStudioVersion = 16.0.29905.134
MinimumVisualStudioVersion = 10.0.40219.1
Project("{FAE04EC0-301F-11D3-BF4B-00C04F79EFBC}") = "RRYautja", "RRYautja\RRYautja.csproj", "{98FCBC2D-8EA4-42E6-A745-D691C3576586}"
EndProject
Project("{FAE04EC0-301F-11D3-BF4B-00C04F79EFBC}") = "ResourceBoxes", "ResourceBoxes\ResourceBoxes.csproj", "{39C8990C-9E46-45AC-A9EB-E54B57E11D0E}"
EndProject
Project("{FAE04EC0-301F-11D3-BF4B-00C04F79EFBC}") = "TrapsRearmable", "TrapsRearmable\TrapsRearmable.csproj", "{BB637E1C-5493-4031-B1DC-DF4779B0FDEF}"
EndProject
Project("{FAE04EC0-301F-11D3-BF4B-00C04F79EFBC}") = "HunterMarkingSystem", "HunterMarkingSystem\HunterMarkingSystem.csproj", "{99F78F0B-7600-45BC-BD6E-8E935C05E66B}"
EndProject
Global
	GlobalSection(SolutionConfigurationPlatforms) = preSolution
		Debug|Any CPU = Debug|Any CPU
		Release|Any CPU = Release|Any CPU
	EndGlobalSection
	GlobalSection(ProjectConfigurationPlatforms) = postSolution
		{98FCBC2D-8EA4-42E6-A745-D691C3576586}.Debug|Any CPU.ActiveCfg = Debug|Any CPU
		{98FCBC2D-8EA4-42E6-A745-D691C3576586}.Debug|Any CPU.Build.0 = Debug|Any CPU
		{98FCBC2D-8EA4-42E6-A745-D691C3576586}.Release|Any CPU.ActiveCfg = Release|Any CPU
		{98FCBC2D-8EA4-42E6-A745-D691C3576586}.Release|Any CPU.Build.0 = Release|Any CPU
		{39C8990C-9E46-45AC-A9EB-E54B57E11D0E}.Debug|Any CPU.ActiveCfg = Debug|Any CPU
		{39C8990C-9E46-45AC-A9EB-E54B57E11D0E}.Debug|Any CPU.Build.0 = Debug|Any CPU
		{39C8990C-9E46-45AC-A9EB-E54B57E11D0E}.Release|Any CPU.ActiveCfg = Release|Any CPU
		{39C8990C-9E46-45AC-A9EB-E54B57E11D0E}.Release|Any CPU.Build.0 = Release|Any CPU
		{BB637E1C-5493-4031-B1DC-DF4779B0FDEF}.Debug|Any CPU.ActiveCfg = Debug|Any CPU
		{BB637E1C-5493-4031-B1DC-DF4779B0FDEF}.Debug|Any CPU.Build.0 = Debug|Any CPU
		{BB637E1C-5493-4031-B1DC-DF4779B0FDEF}.Release|Any CPU.ActiveCfg = Release|Any CPU
		{BB637E1C-5493-4031-B1DC-DF4779B0FDEF}.Release|Any CPU.Build.0 = Release|Any CPU
		{99F78F0B-7600-45BC-BD6E-8E935C05E66B}.Debug|Any CPU.ActiveCfg = Debug|Any CPU
		{99F78F0B-7600-45BC-BD6E-8E935C05E66B}.Debug|Any CPU.Build.0 = Debug|Any CPU
		{99F78F0B-7600-45BC-BD6E-8E935C05E66B}.Release|Any CPU.ActiveCfg = Release|Any CPU
		{99F78F0B-7600-45BC-BD6E-8E935C05E66B}.Release|Any CPU.Build.0 = Release|Any CPU
	EndGlobalSection
	GlobalSection(SolutionProperties) = preSolution
		HideSolutionNode = FALSE
	EndGlobalSection
	GlobalSection(ExtensibilityGlobals) = postSolution
		SolutionGuid = {9073216A-F3B7-474F-B1C4-DC5E6C0593B9}
	EndGlobalSection
EndGlobal
